
Microsoft Visual Studio Solution File, Format Version 12.00
# Visual Studio Version 17
VisualStudioVersion = 17.10.35004.147
MinimumVisualStudioVersion = 10.0.40219.1
Project("{FAE04EC0-301F-11D3-BF4B-00C04F79EFBC}") = "Vylex.WebAPI", "Vylex.WebAPI\Vylex.WebAPI.csproj", "{97116BFF-0ADF-4A8F-A2FC-B340E896B021}"
EndProject
Project("{2150E333-8FDC-42A3-9474-1A3956D46DE8}") = "01 - Apresentation", "01 - Apresentation", "{F0A52DB5-9B01-4CB7-8D8B-FF7EC087AE91}"
EndProject
Project("{FAE04EC0-301F-11D3-BF4B-00C04F79EFBC}") = "Vylex.Service", "Vylex.Service\Vylex.Service.csproj", "{10AF7D10-90B9-403B-BC5D-A5E068C1D8D8}"
EndProject
Project("{2150E333-8FDC-42A3-9474-1A3956D46DE8}") = "02 - Application", "02 - Application", "{6F8AE016-FD5F-476B-BFCE-E786CCC1F39A}"
EndProject
Project("{FAE04EC0-301F-11D3-BF4B-00C04F79EFBC}") = "Vylex.Domain", "Vylex.Domain\Vylex.Domain.csproj", "{8A10C517-6261-44FE-9CA8-CB3D87990AC6}"
EndProject
Project("{2150E333-8FDC-42A3-9474-1A3956D46DE8}") = "03 - Domain", "03 - Domain", "{CE9E4A6A-3DF4-49A3-861B-E622AE7ABB13}"
EndProject
Project("{FAE04EC0-301F-11D3-BF4B-00C04F79EFBC}") = "Vylex.Data", "Vylex.Data\Vylex.Data.csproj", "{267D9C0C-A8D7-41FD-8718-442DD5F6ABA3}"
EndProject
Project("{2150E333-8FDC-42A3-9474-1A3956D46DE8}") = "04 - Infra", "04 - Infra", "{BBD14924-35FE-446B-B0CB-0837B36D7F5F}"
EndProject
Global
	GlobalSection(SolutionConfigurationPlatforms) = preSolution
		Debug|Any CPU = Debug|Any CPU
		Release|Any CPU = Release|Any CPU
	EndGlobalSection
	GlobalSection(ProjectConfigurationPlatforms) = postSolution
		{97116BFF-0ADF-4A8F-A2FC-B340E896B021}.Debug|Any CPU.ActiveCfg = Debug|Any CPU
		{97116BFF-0ADF-4A8F-A2FC-B340E896B021}.Debug|Any CPU.Build.0 = Debug|Any CPU
		{97116BFF-0ADF-4A8F-A2FC-B340E896B021}.Release|Any CPU.ActiveCfg = Release|Any CPU
		{97116BFF-0ADF-4A8F-A2FC-B340E896B021}.Release|Any CPU.Build.0 = Release|Any CPU
		{10AF7D10-90B9-403B-BC5D-A5E068C1D8D8}.Debug|Any CPU.ActiveCfg = Debug|Any CPU
		{10AF7D10-90B9-403B-BC5D-A5E068C1D8D8}.Debug|Any CPU.Build.0 = Debug|Any CPU
		{10AF7D10-90B9-403B-BC5D-A5E068C1D8D8}.Release|Any CPU.ActiveCfg = Release|Any CPU
		{10AF7D10-90B9-403B-BC5D-A5E068C1D8D8}.Release|Any CPU.Build.0 = Release|Any CPU
		{8A10C517-6261-44FE-9CA8-CB3D87990AC6}.Debug|Any CPU.ActiveCfg = Debug|Any CPU
		{8A10C517-6261-44FE-9CA8-CB3D87990AC6}.Debug|Any CPU.Build.0 = Debug|Any CPU
		{8A10C517-6261-44FE-9CA8-CB3D87990AC6}.Release|Any CPU.ActiveCfg = Release|Any CPU
		{8A10C517-6261-44FE-9CA8-CB3D87990AC6}.Release|Any CPU.Build.0 = Release|Any CPU
		{267D9C0C-A8D7-41FD-8718-442DD5F6ABA3}.Debug|Any CPU.ActiveCfg = Debug|Any CPU
		{267D9C0C-A8D7-41FD-8718-442DD5F6ABA3}.Debug|Any CPU.Build.0 = Debug|Any CPU
		{267D9C0C-A8D7-41FD-8718-442DD5F6ABA3}.Release|Any CPU.ActiveCfg = Release|Any CPU
		{267D9C0C-A8D7-41FD-8718-442DD5F6ABA3}.Release|Any CPU.Build.0 = Release|Any CPU
	EndGlobalSection
	GlobalSection(SolutionProperties) = preSolution
		HideSolutionNode = FALSE
	EndGlobalSection
	GlobalSection(NestedProjects) = preSolution
		{97116BFF-0ADF-4A8F-A2FC-B340E896B021} = {F0A52DB5-9B01-4CB7-8D8B-FF7EC087AE91}
		{10AF7D10-90B9-403B-BC5D-A5E068C1D8D8} = {6F8AE016-FD5F-476B-BFCE-E786CCC1F39A}
		{8A10C517-6261-44FE-9CA8-CB3D87990AC6} = {CE9E4A6A-3DF4-49A3-861B-E622AE7ABB13}
		{267D9C0C-A8D7-41FD-8718-442DD5F6ABA3} = {BBD14924-35FE-446B-B0CB-0837B36D7F5F}
	EndGlobalSection
	GlobalSection(ExtensibilityGlobals) = postSolution
		SolutionGuid = {B1B73CC8-D2E8-4E71-BB17-F7BF49C349A3}
	EndGlobalSection
EndGlobal
